
Microsoft Visual Studio Solution File, Format Version 12.00
# Visual Studio Version 17
VisualStudioVersion = 17.8.34511.84
MinimumVisualStudioVersion = 10.0.40219.1
Project("{888888A0-9F3D-457C-B088-3A5042F75D52}") = "tic tac toe", "tic tac toe\tic tac toe.pyproj", "{C2EA95FB-0A60-4B6D-9981-8331B61B260A}"
EndProject
Global
	GlobalSection(SolutionConfigurationPlatforms) = preSolution
		Debug|Any CPU = Debug|Any CPU
		Release|Any CPU = Release|Any CPU
	EndGlobalSection
	GlobalSection(ProjectConfigurationPlatforms) = postSolution
		{C2EA95FB-0A60-4B6D-9981-8331B61B260A}.Debug|Any CPU.ActiveCfg = Debug|Any CPU
		{C2EA95FB-0A60-4B6D-9981-8331B61B260A}.Release|Any CPU.ActiveCfg = Release|Any CPU
	EndGlobalSection
	GlobalSection(SolutionProperties) = preSolution
		HideSolutionNode = FALSE
	EndGlobalSection
	GlobalSection(ExtensibilityGlobals) = postSolution
		SolutionGuid = {FE1B252E-EA5F-4DCD-85F3-05CFB53E8752}
	EndGlobalSection
EndGlobal
